
Microsoft Visual Studio Solution File, Format Version 12.00
# Visual Studio Version 17
VisualStudioVersion = 17.9.34622.214
MinimumVisualStudioVersion = 10.0.40219.1
Project("{FAE04EC0-301F-11D3-BF4B-00C04F79EFBC}") = "Music_Player", "Music_Player\Music_Player.csproj", "{F67E33C7-BBBC-4FC7-9614-3A859E634303}"
EndProject
Global
	GlobalSection(SolutionConfigurationPlatforms) = preSolution
		Debug|Any CPU = Debug|Any CPU
		Release|Any CPU = Release|Any CPU
	EndGlobalSection
	GlobalSection(ProjectConfigurationPlatforms) = postSolution
		{F67E33C7-BBBC-4FC7-9614-3A859E634303}.Debug|Any CPU.ActiveCfg = Debug|Any CPU
		{F67E33C7-BBBC-4FC7-9614-3A859E634303}.Debug|Any CPU.Build.0 = Debug|Any CPU
		{F67E33C7-BBBC-4FC7-9614-3A859E634303}.Release|Any CPU.ActiveCfg = Release|Any CPU
		{F67E33C7-BBBC-4FC7-9614-3A859E634303}.Release|Any CPU.Build.0 = Release|Any CPU
	EndGlobalSection
	GlobalSection(SolutionProperties) = preSolution
		HideSolutionNode = FALSE
	EndGlobalSection
	GlobalSection(ExtensibilityGlobals) = postSolution
		SolutionGuid = {0327490B-1305-4517-8217-C745B042D244}
	EndGlobalSection
EndGlobal
